
Microsoft Visual Studio Solution File, Format Version 12.00
# Visual Studio Version 16
VisualStudioVersion = 16.0.30804.86
MinimumVisualStudioVersion = 10.0.40219.1
Project("{FAE04EC0-301F-11D3-BF4B-00C04F79EFBC}") = "WebApp", "WebApp\WebApp.csproj", "{59112D44-459F-47D8-80B7-72F1E1670951}"
EndProject
Project("{FAE04EC0-301F-11D3-BF4B-00C04F79EFBC}") = "ChinookSystem", "ChinookSystem\ChinookSystem.csproj", "{E4E05CB1-03AA-43CD-8789-1EFAD1CAED66}"
EndProject
Global
	GlobalSection(SolutionConfigurationPlatforms) = preSolution
		Debug|Any CPU = Debug|Any CPU
		Release|Any CPU = Release|Any CPU
	EndGlobalSection
	GlobalSection(ProjectConfigurationPlatforms) = postSolution
		{59112D44-459F-47D8-80B7-72F1E1670951}.Debug|Any CPU.ActiveCfg = Debug|Any CPU
		{59112D44-459F-47D8-80B7-72F1E1670951}.Debug|Any CPU.Build.0 = Debug|Any CPU
		{59112D44-459F-47D8-80B7-72F1E1670951}.Release|Any CPU.ActiveCfg = Release|Any CPU
		{59112D44-459F-47D8-80B7-72F1E1670951}.Release|Any CPU.Build.0 = Release|Any CPU
		{E4E05CB1-03AA-43CD-8789-1EFAD1CAED66}.Debug|Any CPU.ActiveCfg = Debug|Any CPU
		{E4E05CB1-03AA-43CD-8789-1EFAD1CAED66}.Debug|Any CPU.Build.0 = Debug|Any CPU
		{E4E05CB1-03AA-43CD-8789-1EFAD1CAED66}.Release|Any CPU.ActiveCfg = Release|Any CPU
		{E4E05CB1-03AA-43CD-8789-1EFAD1CAED66}.Release|Any CPU.Build.0 = Release|Any CPU
	EndGlobalSection
	GlobalSection(SolutionProperties) = preSolution
		HideSolutionNode = FALSE
	EndGlobalSection
	GlobalSection(ExtensibilityGlobals) = postSolution
		SolutionGuid = {D7BD8019-9A4E-4BC6-9C01-9694A6C157E9}
	EndGlobalSection
EndGlobal
